// !$*UTF8*$!
{
	archiveVersion = 1;
	classes = {
	};
	objectVersion = 50;
	objects = {

/* Begin PBXBuildFile section */
		341702DB20B95016000C246C /* AppDelegate.swift in Sources */ = {isa = PBXBuildFile; fileRef = 341702DA20B95016000C246C /* AppDelegate.swift */; };
		341702DD20B95016000C246C /* ViewController.swift in Sources */ = {isa = PBXBuildFile; fileRef = 341702DC20B95016000C246C /* ViewController.swift */; };
		341702E020B95016000C246C /* Main.storyboard in Resources */ = {isa = PBXBuildFile; fileRef = 341702DE20B95016000C246C /* Main.storyboard */; };
		341702E220B95017000C246C /* Assets.xcassets in Resources */ = {isa = PBXBuildFile; fileRef = 341702E120B95017000C246C /* Assets.xcassets */; };
		341702E520B95017000C246C /* LaunchScreen.storyboard in Resources */ = {isa = PBXBuildFile; fileRef = 341702E320B95017000C246C /* LaunchScreen.storyboard */; };
		86EB118FB09CFD2BBFDC4EBE /* Pods_HackArt.framework in Frameworks */ = {isa = PBXBuildFile; fileRef = BF7B366F9E2EA8DDCCDC8E83 /* Pods_HackArt.framework */; };
		9E9A018920B99E9700475D5C /* TuriCreate.mlmodel in Sources */ = {isa = PBXBuildFile; fileRef = 9E9A018820B99E9700475D5C /* TuriCreate.mlmodel */; };
		9E9A018E20B99FDD00475D5C /* Constraints.swift in Sources */ = {isa = PBXBuildFile; fileRef = 9E9A018D20B99FDD00475D5C /* Constraints.swift */; };
/* End PBXBuildFile section */

/* Begin PBXFileReference section */
		341702D720B95016000C246C /* HackArt.app */ = {isa = PBXFileReference; explicitFileType = wrapper.application; includeInIndex = 0; path = HackArt.app; sourceTree = BUILT_PRODUCTS_DIR; };
		341702DA20B95016000C246C /* AppDelegate.swift */ = {isa = PBXFileReference; lastKnownFileType = sourcecode.swift; path = AppDelegate.swift; sourceTree = "<group>"; };
		341702DC20B95016000C246C /* ViewController.swift */ = {isa = PBXFileReference; lastKnownFileType = sourcecode.swift; path = ViewController.swift; sourceTree = "<group>"; };
		341702DF20B95016000C246C /* Base */ = {isa = PBXFileReference; lastKnownFileType = file.storyboard; name = Base; path = Base.lproj/Main.storyboard; sourceTree = "<group>"; };
		341702E120B95017000C246C /* Assets.xcassets */ = {isa = PBXFileReference; lastKnownFileType = folder.assetcatalog; path = Assets.xcassets; sourceTree = "<group>"; };
		341702E420B95017000C246C /* Base */ = {isa = PBXFileReference; lastKnownFileType = file.storyboard; name = Base; path = Base.lproj/LaunchScreen.storyboard; sourceTree = "<group>"; };
		341702E620B95017000C246C /* Info.plist */ = {isa = PBXFileReference; lastKnownFileType = text.plist.xml; path = Info.plist; sourceTree = "<group>"; };
		9085B6C34E7D0B44B7F81048 /* Pods-HackArt.release.xcconfig */ = {isa = PBXFileReference; includeInIndex = 1; lastKnownFileType = text.xcconfig; name = "Pods-HackArt.release.xcconfig"; path = "Pods/Target Support Files/Pods-HackArt/Pods-HackArt.release.xcconfig"; sourceTree = "<group>"; };
		9E9A018820B99E9700475D5C /* TuriCreate.mlmodel */ = {isa = PBXFileReference; lastKnownFileType = file.mlmodel; path = TuriCreate.mlmodel; sourceTree = "<group>"; };
		9E9A018D20B99FDD00475D5C /* Constraints.swift */ = {isa = PBXFileReference; lastKnownFileType = sourcecode.swift; path = Constraints.swift; sourceTree = "<group>"; };
		BF7B366F9E2EA8DDCCDC8E83 /* Pods_HackArt.framework */ = {isa = PBXFileReference; explicitFileType = wrapper.framework; includeInIndex = 0; path = Pods_HackArt.framework; sourceTree = BUILT_PRODUCTS_DIR; };
		C4CB88884DA031ED4E64D4B4 /* Pods-HackArt.debug.xcconfig */ = {isa = PBXFileReference; includeInIndex = 1; lastKnownFileType = text.xcconfig; name = "Pods-HackArt.debug.xcconfig"; path = "Pods/Target Support Files/Pods-HackArt/Pods-HackArt.debug.xcconfig"; sourceTree = "<group>"; };
/* End PBXFileReference section */

/* Begin PBXFrameworksBuildPhase section */
		341702D420B95016000C246C /* Frameworks */ = {
			isa = PBXFrameworksBuildPhase;
			buildActionMask = 2147483647;
			files = (
				86EB118FB09CFD2BBFDC4EBE /* Pods_HackArt.framework in Frameworks */,
			);
			runOnlyForDeploymentPostprocessing = 0;
		};
/* End PBXFrameworksBuildPhase section */

/* Begin PBXGroup section */
		0AC2DEC42AB70DA6FA6EC6A5 /* Pods */ = {
			isa = PBXGroup;
			children = (
				C4CB88884DA031ED4E64D4B4 /* Pods-HackArt.debug.xcconfig */,
				9085B6C34E7D0B44B7F81048 /* Pods-HackArt.release.xcconfig */,
			);
			name = Pods;
			sourceTree = "<group>";
		};
		1AE7D5BCB757C59D80C6C0F1 /* Frameworks */ = {
			isa = PBXGroup;
			children = (
				BF7B366F9E2EA8DDCCDC8E83 /* Pods_HackArt.framework */,
			);
			name = Frameworks;
			sourceTree = "<group>";
		};
		341702CE20B95016000C246C = {
			isa = PBXGroup;
			children = (
				341702D920B95016000C246C /* HackArt */,
				341702D820B95016000C246C /* Products */,
				0AC2DEC42AB70DA6FA6EC6A5 /* Pods */,
				1AE7D5BCB757C59D80C6C0F1 /* Frameworks */,
			);
			sourceTree = "<group>";
		};
		341702D820B95016000C246C /* Products */ = {
			isa = PBXGroup;
			children = (
				341702D720B95016000C246C /* HackArt.app */,
			);
			name = Products;
			sourceTree = "<group>";
		};
		341702D920B95016000C246C /* HackArt */ = {
			isa = PBXGroup;
			children = (
				9E9A018F20B99FE000475D5C /* Extensions */,
				9E9A018520B99E6F00475D5C /* MLModel */,
				341702DA20B95016000C246C /* AppDelegate.swift */,
				341702DC20B95016000C246C /* ViewController.swift */,
				341702DE20B95016000C246C /* Main.storyboard */,
				341702E120B95017000C246C /* Assets.xcassets */,
				341702E320B95017000C246C /* LaunchScreen.storyboard */,
				341702E620B95017000C246C /* Info.plist */,
			);
			path = HackArt;
			sourceTree = "<group>";
		};
		9E9A018520B99E6F00475D5C /* MLModel */ = {
			isa = PBXGroup;
			children = (
				9E9A018820B99E9700475D5C /* TuriCreate.mlmodel */,
			);
			path = MLModel;
			sourceTree = "<group>";
		};
		9E9A018F20B99FE000475D5C /* Extensions */ = {
			isa = PBXGroup;
			children = (
				9E9A018D20B99FDD00475D5C /* Constraints.swift */,
			);
			path = Extensions;
			sourceTree = "<group>";
		};
/* End PBXGroup section */

/* Begin PBXNativeTarget section */
		341702D620B95016000C246C /* HackArt */ = {
			isa = PBXNativeTarget;
			buildConfigurationList = 341702E920B95017000C246C /* Build configuration list for PBXNativeTarget "HackArt" */;
			buildPhases = (
				83F67E480B255999B73DD1B2 /* [CP] Check Pods Manifest.lock */,
				341702D320B95016000C246C /* Sources */,
				341702D420B95016000C246C /* Frameworks */,
				341702D520B95016000C246C /* Resources */,
			);
			buildRules = (
			);
			dependencies = (
			);
			name = HackArt;
			productName = HackArt;
			productReference = 341702D720B95016000C246C /* HackArt.app */;
			productType = "com.apple.product-type.application";
		};
/* End PBXNativeTarget section */

/* Begin PBXProject section */
		341702CF20B95016000C246C /* Project object */ = {
			isa = PBXProject;
			attributes = {
				LastSwiftUpdateCheck = 0930;
				LastUpgradeCheck = 0930;
				ORGANIZATIONNAME = BoroCode;
				TargetAttributes = {
					341702D620B95016000C246C = {
						CreatedOnToolsVersion = 9.3.1;
					};
				};
			};
			buildConfigurationList = 341702D220B95016000C246C /* Build configuration list for PBXProject "HackArt" */;
			compatibilityVersion = "Xcode 9.3";
			developmentRegion = en;
			hasScannedForEncodings = 0;
			knownRegions = (
				en,
				Base,
			);
			mainGroup = 341702CE20B95016000C246C;
			productRefGroup = 341702D820B95016000C246C /* Products */;
			projectDirPath = "";
			projectRoot = "";
			targets = (
				341702D620B95016000C246C /* HackArt */,
			);
		};
/* End PBXProject section */

/* Begin PBXResourcesBuildPhase section */
		341702D520B95016000C246C /* Resources */ = {
			isa = PBXResourcesBuildPhase;
			buildActionMask = 2147483647;
			files = (
				341702E520B95017000C246C /* LaunchScreen.storyboard in Resources */,
				341702E220B95017000C246C /* Assets.xcassets in Resources */,
				341702E020B95016000C246C /* Main.storyboard in Resources */,
			);
			runOnlyForDeploymentPostprocessing = 0;
		};
/* End PBXResourcesBuildPhase section */

/* Begin PBXShellScriptBuildPhase section */
		83F67E480B255999B73DD1B2 /* [CP] Check Pods Manifest.lock */ = {
			isa = PBXShellScriptBuildPhase;
			buildActionMask = 2147483647;
			files = (
			);
			inputPaths = (
				"${PODS_PODFILE_DIR_PATH}/Podfile.lock",
				"${PODS_ROOT}/Manifest.lock",
			);
			name = "[CP] Check Pods Manifest.lock";
			outputPaths = (
				"$(DERIVED_FILE_DIR)/Pods-HackArt-checkManifestLockResult.txt",
			);
			runOnlyForDeploymentPostprocessing = 0;
			shellPath = /bin/sh;
			shellScript = "diff \"${PODS_PODFILE_DIR_PATH}/Podfile.lock\" \"${PODS_ROOT}/Manifest.lock\" > /dev/null\nif [ $? != 0 ] ; then\n    # print error to STDERR\n    echo \"error: The sandbox is not in sync with the Podfile.lock. Run 'pod install' or update your CocoaPods installation.\" >&2\n    exit 1\nfi\n# This output is used by Xcode 'outputs' to avoid re-running this script phase.\necho \"SUCCESS\" > \"${SCRIPT_OUTPUT_FILE_0}\"\n";
			showEnvVarsInLog = 0;
		};
/* End PBXShellScriptBuildPhase section */

/* Begin PBXSourcesBuildPhase section */
		341702D320B95016000C246C /* Sources */ = {
			isa = PBXSourcesBuildPhase;
			buildActionMask = 2147483647;
			files = (
				341702DD20B95016000C246C /* ViewController.swift in Sources */,
				9E9A018E20B99FDD00475D5C /* Constraints.swift in Sources */,
				9E9A018920B99E9700475D5C /* TuriCreate.mlmodel in Sources */,
				341702DB20B95016000C246C /* AppDelegate.swift in Sources */,
			);
			runOnlyForDeploymentPostprocessing = 0;
		};
/* End PBXSourcesBuildPhase section */

/* Begin PBXVariantGroup section */
		341702DE20B95016000C246C /* Main.storyboard */ = {
			isa = PBXVariantGroup;
			children = (
				341702DF20B95016000C246C /* Base */,
			);
			name = Main.storyboard;
			sourceTree = "<group>";
		};
		341702E320B95017000C246C /* LaunchScreen.storyboard */ = {
			isa = PBXVariantGroup;
			children = (
				341702E420B95017000C246C /* Base */,
			);
			name = LaunchScreen.storyboard;
			sourceTree = "<group>";
		};
/* End PBXVariantGroup section */

/* Begin XCBuildConfiguration section */
		341702E720B95017000C246C /* Debug */ = {
			isa = XCBuildConfiguration;
			buildSettings = {
				ALWAYS_SEARCH_USER_PATHS = NO;
				CLANG_ANALYZER_NONNULL = YES;
				CLANG_ANALYZER_NUMBER_OBJECT_CONVERSION = YES_AGGRESSIVE;
				CLANG_CXX_LANGUAGE_STANDARD = "gnu++14";
				CLANG_CXX_LIBRARY = "libc++";
				CLANG_ENABLE_MODULES = YES;
				CLANG_ENABLE_OBJC_ARC = YES;
				CLANG_ENABLE_OBJC_WEAK = YES;
				CLANG_WARN_BLOCK_CAPTURE_AUTORELEASING = YES;
				CLANG_WARN_BOOL_CONVERSION = YES;
				CLANG_WARN_COMMA = YES;
				CLANG_WARN_CONSTANT_CONVERSION = YES;
				CLANG_WARN_DEPRECATED_OBJC_IMPLEMENTATIONS = YES;
				CLANG_WARN_DIRECT_OBJC_ISA_USAGE = YES_ERROR;
				CLANG_WARN_DOCUMENTATION_COMMENTS = YES;
				CLANG_WARN_EMPTY_BODY = YES;
				CLANG_WARN_ENUM_CONVERSION = YES;
				CLANG_WARN_INFINITE_RECURSION = YES;
				CLANG_WARN_INT_CONVERSION = YES;
				CLANG_WARN_NON_LITERAL_NULL_CONVERSION = YES;
				CLANG_WARN_OBJC_IMPLICIT_RETAIN_SELF = YES;
				CLANG_WARN_OBJC_LITERAL_CONVERSION = YES;
				CLANG_WARN_OBJC_ROOT_CLASS = YES_ERROR;
				CLANG_WARN_RANGE_LOOP_ANALYSIS = YES;
				CLANG_WARN_STRICT_PROTOTYPES = YES;
				CLANG_WARN_SUSPICIOUS_MOVE = YES;
				CLANG_WARN_UNGUARDED_AVAILABILITY = YES_AGGRESSIVE;
				CLANG_WARN_UNREACHABLE_CODE = YES;
				CLANG_WARN__DUPLICATE_METHOD_MATCH = YES;
				CODE_SIGN_IDENTITY = "iPhone Developer";
				COPY_PHASE_STRIP = NO;
				DEBUG_INFORMATION_FORMAT = dwarf;
				ENABLE_STRICT_OBJC_MSGSEND = YES;
				ENABLE_TESTABILITY = YES;
				GCC_C_LANGUAGE_STANDARD = gnu11;
				GCC_DYNAMIC_NO_PIC = NO;
				GCC_NO_COMMON_BLOCKS = YES;
				GCC_OPTIMIZATION_LEVEL = 0;
				GCC_PREPROCESSOR_DEFINITIONS = (
					"DEBUG=1",
					"$(inherited)",
				);
				GCC_WARN_64_TO_32_BIT_CONVERSION = YES;
				GCC_WARN_ABOUT_RETURN_TYPE = YES_ERROR;
				GCC_WARN_UNDECLARED_SELECTOR = YES;
				GCC_WARN_UNINITIALIZED_AUTOS = YES_AGGRESSIVE;
				GCC_WARN_UNUSED_FUNCTION = YES;
				GCC_WARN_UNUSED_VARIABLE = YES;
				IPHONEOS_DEPLOYMENT_TARGET = 11.3;
				MTL_ENABLE_DEBUG_INFO = YES;
				ONLY_ACTIVE_ARCH = YES;
				SDKROOT = iphoneos;
				SWIFT_ACTIVE_COMPILATION_CONDITIONS = DEBUG;
				SWIFT_OPTIMIZATION_LEVEL = "-Onone";
			};
			name = Debug;
		};
		341702E820B95017000C246C /* Release */ = {
			isa = XCBuildConfiguration;
			buildSettings = {
				ALWAYS_SEARCH_USER_PATHS = NO;
				CLANG_ANALYZER_NONNULL = YES;
				CLANG_ANALYZER_NUMBER_OBJECT_CONVERSION = YES_AGGRESSIVE;
				CLANG_CXX_LANGUAGE_STANDARD = "gnu++14";
				CLANG_CXX_LIBRARY = "libc++";
				CLANG_ENABLE_MODULES = YES;
				CLANG_ENABLE_OBJC_ARC = YES;
				CLANG_ENABLE_OBJC_WEAK = YES;
				CLANG_WARN_BLOCK_CAPTURE_AUTORELEASING = YES;
				CLANG_WARN_BOOL_CONVERSION = YES;
				CLANG_WARN_COMMA = YES;
				CLANG_WARN_CONSTANT_CONVERSION = YES;
				CLANG_WARN_DEPRECATED_OBJC_IMPLEMENTATIONS = YES;
				CLANG_WARN_DIRECT_OBJC_ISA_USAGE = YES_ERROR;
				CLANG_WARN_DOCUMENTATION_COMMENTS = YES;
				CLANG_WARN_EMPTY_BODY = YES;
				CLANG_WARN_ENUM_CONVERSION = YES;
				CLANG_WARN_INFINITE_RECURSION = YES;
				CLANG_WARN_INT_CONVERSION = YES;
				CLANG_WARN_NON_LITERAL_NULL_CONVERSION = YES;
				CLANG_WARN_OBJC_IMPLICIT_RETAIN_SELF = YES;
				CLANG_WARN_OBJC_LITERAL_CONVERSION = YES;
				CLANG_WARN_OBJC_ROOT_CLASS = YES_ERROR;
				CLANG_WARN_RANGE_LOOP_ANALYSIS = YES;
				CLANG_WARN_STRICT_PROTOTYPES = YES;
				CLANG_WARN_SUSPICIOUS_MOVE = YES;
				CLANG_WARN_UNGUARDED_AVAILABILITY = YES_AGGRESSIVE;
				CLANG_WARN_UNREACHABLE_CODE = YES;
				CLANG_WARN__DUPLICATE_METHOD_MATCH = YES;
				CODE_SIGN_IDENTITY = "iPhone Developer";
				COPY_PHASE_STRIP = NO;
				DEBUG_INFORMATION_FORMAT = "dwarf-with-dsym";
				ENABLE_NS_ASSERTIONS = NO;
				ENABLE_STRICT_OBJC_MSGSEND = YES;
				GCC_C_LANGUAGE_STANDARD = gnu11;
				GCC_NO_COMMON_BLOCKS = YES;
				GCC_WARN_64_TO_32_BIT_CONVERSION = YES;
				GCC_WARN_ABOUT_RETURN_TYPE = YES_ERROR;
				GCC_WARN_UNDECLARED_SELECTOR = YES;
				GCC_WARN_UNINITIALIZED_AUTOS = YES_AGGRESSIVE;
				GCC_WARN_UNUSED_FUNCTION = YES;
				GCC_WARN_UNUSED_VARIABLE = YES;
				IPHONEOS_DEPLOYMENT_TARGET = 11.3;
				MTL_ENABLE_DEBUG_INFO = NO;
				SDKROOT = iphoneos;
				SWIFT_COMPILATION_MODE = wholemodule;
				SWIFT_OPTIMIZATION_LEVEL = "-O";
				VALIDATE_PRODUCT = YES;
			};
			name = Release;
		};
		341702EA20B95017000C246C /* Debug */ = {
			isa = XCBuildConfiguration;
			baseConfigurationReference = C4CB88884DA031ED4E64D4B4 /* Pods-HackArt.debug.xcconfig */;
			buildSettings = {
				ASSETCATALOG_COMPILER_APPICON_NAME = AppIcon;
				CODE_SIGN_STYLE = Automatic;
				DEVELOPMENT_TEAM = CB989UTT6M;
				INFOPLIST_FILE = HackArt/Info.plist;
				IPHONEOS_DEPLOYMENT_TARGET = 11.0;
				LD_RUNPATH_SEARCH_PATHS = (
					"$(inherited)",
					"@executable_path/Frameworks",
				);
				PRODUCT_BUNDLE_IDENTIFIER = "pl.borocode.HackArt-PC-MO";
				PRODUCT_NAME = "$(TARGET_NAME)";
				SWIFT_VERSION = 4.0;
				TARGETED_DEVICE_FAMILY = "1,2";
			};
			name = Debug;
		};
		341702EB20B95017000C246C /* Release */ = {
			isa = XCBuildConfiguration;
			baseConfigurationReference = 9085B6C34E7D0B44B7F81048 /* Pods-HackArt.release.xcconfig */;
			buildSettings = {
				ASSETCATALOG_COMPILER_APPICON_NAME = AppIcon;
				CODE_SIGN_STYLE = Automatic;
				DEVELOPMENT_TEAM = CB989UTT6M;
				INFOPLIST_FILE = HackArt/Info.plist;
				IPHONEOS_DEPLOYMENT_TARGET = 11.0;
				LD_RUNPATH_SEARCH_PATHS = (
					"$(inherited)",
					"@executable_path/Frameworks",
				);
				PRODUCT_BUNDLE_IDENTIFIER = "pl.borocode.HackArt-PC-MO";
				PRODUCT_NAME = "$(TARGET_NAME)";
				SWIFT_VERSION = 4.0;
				TARGETED_DEVICE_FAMILY = "1,2";
			};
			name = Release;
		};
/* End XCBuildConfiguration section */

/* Begin XCConfigurationList section */
		341702D220B95016000C246C /* Build configuration list for PBXProject "HackArt" */ = {
			isa = XCConfigurationList;
			buildConfigurations = (
				341702E720B95017000C246C /* Debug */,
				341702E820B95017000C246C /* Release */,
			);
			defaultConfigurationIsVisible = 0;
			defaultConfigurationName = Release;
		};
		341702E920B95017000C246C /* Build configuration list for PBXNativeTarget "HackArt" */ = {
			isa = XCConfigurationList;
			buildConfigurations = (
				341702EA20B95017000C246C /* Debug */,
				341702EB20B95017000C246C /* Release */,
			);
			defaultConfigurationIsVisible = 0;
			defaultConfigurationName = Release;
		};
/* End XCConfigurationList section */
	};
	rootObject = 341702CF20B95016000C246C /* Project object */;
}
