// !$*UTF8*$!
{
	archiveVersion = 1;
	classes = {
	};
	objectVersion = 50;
	objects = {

/* Begin PBXBuildFile section */
		340CC67920B9B582001FF0E0 /* BasicLayers.swift in Sources */ = {isa = PBXBuildFile; fileRef = 340CC66E20B9B582001FF0E0 /* BasicLayers.swift */; };
		340CC67A20B9B582001FF0E0 /* BasicViews.swift in Sources */ = {isa = PBXBuildFile; fileRef = 340CC66F20B9B582001FF0E0 /* BasicViews.swift */; };
		340CC67B20B9B582001FF0E0 /* BasicViewController.swift in Sources */ = {isa = PBXBuildFile; fileRef = 340CC67120B9B582001FF0E0 /* BasicViewController.swift */; };
		340CC67F20B9B582001FF0E0 /* PaintingView.swift in Sources */ = {isa = PBXBuildFile; fileRef = 340CC67820B9B582001FF0E0 /* PaintingView.swift */; };
		341702DB20B95016000C246C /* AppDelegate.swift in Sources */ = {isa = PBXBuildFile; fileRef = 341702DA20B95016000C246C /* AppDelegate.swift */; };
		341702DD20B95016000C246C /* ViewController.swift in Sources */ = {isa = PBXBuildFile; fileRef = 341702DC20B95016000C246C /* ViewController.swift */; };
		341702E020B95016000C246C /* Main.storyboard in Resources */ = {isa = PBXBuildFile; fileRef = 341702DE20B95016000C246C /* Main.storyboard */; };
		341702E220B95017000C246C /* Assets.xcassets in Resources */ = {isa = PBXBuildFile; fileRef = 341702E120B95017000C246C /* Assets.xcassets */; };
		341702E520B95017000C246C /* LaunchScreen.storyboard in Resources */ = {isa = PBXBuildFile; fileRef = 341702E320B95017000C246C /* LaunchScreen.storyboard */; };
		34C39D0920B9EF0E00A09B5A /* PaintingViewScroll.swift in Sources */ = {isa = PBXBuildFile; fileRef = 34C39D0620B9EF0E00A09B5A /* PaintingViewScroll.swift */; };
		34C39D0A20B9EF0E00A09B5A /* Painting.swift in Sources */ = {isa = PBXBuildFile; fileRef = 34C39D0720B9EF0E00A09B5A /* Painting.swift */; };
		34C39D0B20B9EF0E00A09B5A /* PaintingLayer.swift in Sources */ = {isa = PBXBuildFile; fileRef = 34C39D0820B9EF0E00A09B5A /* PaintingLayer.swift */; };
		34C39D0D20BAAAE000A09B5A /* Witkacy.svg in Resources */ = {isa = PBXBuildFile; fileRef = 34C39D0C20BAAADF00A09B5A /* Witkacy.svg */; };
		34C39D1320BAB2F700A09B5A /* CameraViewController.swift in Sources */ = {isa = PBXBuildFile; fileRef = 34C39D0F20BAB2F700A09B5A /* CameraViewController.swift */; };
		34C39D1420BAB2F700A09B5A /* CameraView.swift in Sources */ = {isa = PBXBuildFile; fileRef = 34C39D1020BAB2F700A09B5A /* CameraView.swift */; };
		34C39D1520BAB2F700A09B5A /* CameraOrientation.swift in Sources */ = {isa = PBXBuildFile; fileRef = 34C39D1120BAB2F700A09B5A /* CameraOrientation.swift */; };
		34C39D1620BAB2F700A09B5A /* Camera.swift in Sources */ = {isa = PBXBuildFile; fileRef = 34C39D1220BAB2F700A09B5A /* Camera.swift */; };
		34C39D2220BAB32000A09B5A /* OriginPainting.swift in Sources */ = {isa = PBXBuildFile; fileRef = 34C39D2120BAB32000A09B5A /* OriginPainting.swift */; };
		34C39D2420BAB5DB00A09B5A /* Paintings.swift in Sources */ = {isa = PBXBuildFile; fileRef = 34C39D2320BAB5DB00A09B5A /* Paintings.swift */; };
		34C39D2820BABAA200A09B5A /* przepiorki.svg in Resources */ = {isa = PBXBuildFile; fileRef = 34C39D2520BABAA100A09B5A /* przepiorki.svg */; };
		86EB118FB09CFD2BBFDC4EBE /* Pods_HackArt.framework in Frameworks */ = {isa = PBXBuildFile; fileRef = BF7B366F9E2EA8DDCCDC8E83 /* Pods_HackArt.framework */; };
		9E9A018920B99E9700475D5C /* TuriCreate.mlmodel in Sources */ = {isa = PBXBuildFile; fileRef = 9E9A018820B99E9700475D5C /* TuriCreate.mlmodel */; };
		9E9A018E20B99FDD00475D5C /* Constraints.swift in Sources */ = {isa = PBXBuildFile; fileRef = 9E9A018D20B99FDD00475D5C /* Constraints.swift */; };
		F187974220B9B89B00FAE7C1 /* HomeViewController.swift in Sources */ = {isa = PBXBuildFile; fileRef = F187974120B9B89B00FAE7C1 /* HomeViewController.swift */; };
		F187974620B9C23E00FAE7C1 /* PopUpView.swift in Sources */ = {isa = PBXBuildFile; fileRef = F187974520B9C23E00FAE7C1 /* PopUpView.swift */; };
		F187974920B9C31400FAE7C1 /* ScrollLabel.swift in Sources */ = {isa = PBXBuildFile; fileRef = F187974820B9C31400FAE7C1 /* ScrollLabel.swift */; };
		F187974B20B9C4B000FAE7C1 /* TestStoryboard.storyboard in Resources */ = {isa = PBXBuildFile; fileRef = F187974A20B9C4B000FAE7C1 /* TestStoryboard.storyboard */; };
		F187975120B9CCD700FAE7C1 /* OpcaityControl.swift in Sources */ = {isa = PBXBuildFile; fileRef = F187975020B9CCD700FAE7C1 /* OpcaityControl.swift */; };
		F187975320B9DAAD00FAE7C1 /* BottomButtons.swift in Sources */ = {isa = PBXBuildFile; fileRef = F187975220B9DAAD00FAE7C1 /* BottomButtons.swift */; };
		F187975520B9E2E600FAE7C1 /* UIColors.swift in Sources */ = {isa = PBXBuildFile; fileRef = F187975420B9E2E600FAE7C1 /* UIColors.swift */; };
		F187975720B9E71200FAE7C1 /* PaintingButtons.swift in Sources */ = {isa = PBXBuildFile; fileRef = F187975620B9E71200FAE7C1 /* PaintingButtons.swift */; };
		F187975920BAA01D00FAE7C1 /* BurgerMenuView.swift in Sources */ = {isa = PBXBuildFile; fileRef = F187975820BAA01C00FAE7C1 /* BurgerMenuView.swift */; };
		F187976520BADAAB00FAE7C1 /* BackgroundView.swift in Sources */ = {isa = PBXBuildFile; fileRef = F187976420BADAAB00FAE7C1 /* BackgroundView.swift */; };
		F187976720BAF34100FAE7C1 /* InfoView.swift in Sources */ = {isa = PBXBuildFile; fileRef = F187976620BAF34100FAE7C1 /* InfoView.swift */; };
/* End PBXBuildFile section */

/* Begin PBXFileReference section */
		340CC66E20B9B582001FF0E0 /* BasicLayers.swift */ = {isa = PBXFileReference; fileEncoding = 4; lastKnownFileType = sourcecode.swift; path = BasicLayers.swift; sourceTree = "<group>"; };
		340CC66F20B9B582001FF0E0 /* BasicViews.swift */ = {isa = PBXFileReference; fileEncoding = 4; lastKnownFileType = sourcecode.swift; path = BasicViews.swift; sourceTree = "<group>"; };
		340CC67120B9B582001FF0E0 /* BasicViewController.swift */ = {isa = PBXFileReference; fileEncoding = 4; lastKnownFileType = sourcecode.swift; path = BasicViewController.swift; sourceTree = "<group>"; };
		340CC67820B9B582001FF0E0 /* PaintingView.swift */ = {isa = PBXFileReference; fileEncoding = 4; lastKnownFileType = sourcecode.swift; path = PaintingView.swift; sourceTree = "<group>"; };
		341702D720B95016000C246C /* HackArt.app */ = {isa = PBXFileReference; explicitFileType = wrapper.application; includeInIndex = 0; path = HackArt.app; sourceTree = BUILT_PRODUCTS_DIR; };
		341702DA20B95016000C246C /* AppDelegate.swift */ = {isa = PBXFileReference; lastKnownFileType = sourcecode.swift; path = AppDelegate.swift; sourceTree = "<group>"; };
		341702DC20B95016000C246C /* ViewController.swift */ = {isa = PBXFileReference; lastKnownFileType = sourcecode.swift; path = ViewController.swift; sourceTree = "<group>"; };
		341702DF20B95016000C246C /* Base */ = {isa = PBXFileReference; lastKnownFileType = file.storyboard; name = Base; path = Base.lproj/Main.storyboard; sourceTree = "<group>"; };
		341702E120B95017000C246C /* Assets.xcassets */ = {isa = PBXFileReference; lastKnownFileType = folder.assetcatalog; path = Assets.xcassets; sourceTree = "<group>"; };
		341702E420B95017000C246C /* Base */ = {isa = PBXFileReference; lastKnownFileType = file.storyboard; name = Base; path = Base.lproj/LaunchScreen.storyboard; sourceTree = "<group>"; };
		341702E620B95017000C246C /* Info.plist */ = {isa = PBXFileReference; lastKnownFileType = text.plist.xml; path = Info.plist; sourceTree = "<group>"; };
		34C39D0620B9EF0E00A09B5A /* PaintingViewScroll.swift */ = {isa = PBXFileReference; fileEncoding = 4; lastKnownFileType = sourcecode.swift; path = PaintingViewScroll.swift; sourceTree = "<group>"; };
		34C39D0720B9EF0E00A09B5A /* Painting.swift */ = {isa = PBXFileReference; fileEncoding = 4; lastKnownFileType = sourcecode.swift; path = Painting.swift; sourceTree = "<group>"; };
		34C39D0820B9EF0E00A09B5A /* PaintingLayer.swift */ = {isa = PBXFileReference; fileEncoding = 4; lastKnownFileType = sourcecode.swift; path = PaintingLayer.swift; sourceTree = "<group>"; };
		34C39D0C20BAAADF00A09B5A /* Witkacy.svg */ = {isa = PBXFileReference; fileEncoding = 4; lastKnownFileType = text.xml; path = Witkacy.svg; sourceTree = "<group>"; };
		34C39D0F20BAB2F700A09B5A /* CameraViewController.swift */ = {isa = PBXFileReference; fileEncoding = 4; lastKnownFileType = sourcecode.swift; path = CameraViewController.swift; sourceTree = "<group>"; };
		34C39D1020BAB2F700A09B5A /* CameraView.swift */ = {isa = PBXFileReference; fileEncoding = 4; lastKnownFileType = sourcecode.swift; path = CameraView.swift; sourceTree = "<group>"; };
		34C39D1120BAB2F700A09B5A /* CameraOrientation.swift */ = {isa = PBXFileReference; fileEncoding = 4; lastKnownFileType = sourcecode.swift; path = CameraOrientation.swift; sourceTree = "<group>"; };
		34C39D1220BAB2F700A09B5A /* Camera.swift */ = {isa = PBXFileReference; fileEncoding = 4; lastKnownFileType = sourcecode.swift; path = Camera.swift; sourceTree = "<group>"; };
		34C39D2120BAB32000A09B5A /* OriginPainting.swift */ = {isa = PBXFileReference; fileEncoding = 4; lastKnownFileType = sourcecode.swift; path = OriginPainting.swift; sourceTree = "<group>"; };
		34C39D2320BAB5DB00A09B5A /* Paintings.swift */ = {isa = PBXFileReference; lastKnownFileType = sourcecode.swift; path = Paintings.swift; sourceTree = "<group>"; };
		34C39D2520BABAA100A09B5A /* przepiorki.svg */ = {isa = PBXFileReference; fileEncoding = 4; lastKnownFileType = text.xml; path = przepiorki.svg; sourceTree = "<group>"; };
		34C39D2620BABAA100A09B5A /* witkacy.sketch */ = {isa = PBXFileReference; lastKnownFileType = file; path = witkacy.sketch; sourceTree = "<group>"; };
		34C39D2720BABAA200A09B5A /* przepiorki.sketch */ = {isa = PBXFileReference; lastKnownFileType = file; path = przepiorki.sketch; sourceTree = "<group>"; };
		9085B6C34E7D0B44B7F81048 /* Pods-HackArt.release.xcconfig */ = {isa = PBXFileReference; includeInIndex = 1; lastKnownFileType = text.xcconfig; name = "Pods-HackArt.release.xcconfig"; path = "Pods/Target Support Files/Pods-HackArt/Pods-HackArt.release.xcconfig"; sourceTree = "<group>"; };
		9E9A018820B99E9700475D5C /* TuriCreate.mlmodel */ = {isa = PBXFileReference; lastKnownFileType = file.mlmodel; path = TuriCreate.mlmodel; sourceTree = "<group>"; };
		9E9A018D20B99FDD00475D5C /* Constraints.swift */ = {isa = PBXFileReference; lastKnownFileType = sourcecode.swift; path = Constraints.swift; sourceTree = "<group>"; };
		BF7B366F9E2EA8DDCCDC8E83 /* Pods_HackArt.framework */ = {isa = PBXFileReference; explicitFileType = wrapper.framework; includeInIndex = 0; path = Pods_HackArt.framework; sourceTree = BUILT_PRODUCTS_DIR; };
		C4CB88884DA031ED4E64D4B4 /* Pods-HackArt.debug.xcconfig */ = {isa = PBXFileReference; includeInIndex = 1; lastKnownFileType = text.xcconfig; name = "Pods-HackArt.debug.xcconfig"; path = "Pods/Target Support Files/Pods-HackArt/Pods-HackArt.debug.xcconfig"; sourceTree = "<group>"; };
		F187974120B9B89B00FAE7C1 /* HomeViewController.swift */ = {isa = PBXFileReference; lastKnownFileType = sourcecode.swift; path = HomeViewController.swift; sourceTree = "<group>"; };
		F187974520B9C23E00FAE7C1 /* PopUpView.swift */ = {isa = PBXFileReference; lastKnownFileType = sourcecode.swift; path = PopUpView.swift; sourceTree = "<group>"; };
		F187974820B9C31400FAE7C1 /* ScrollLabel.swift */ = {isa = PBXFileReference; lastKnownFileType = sourcecode.swift; path = ScrollLabel.swift; sourceTree = "<group>"; };
		F187974A20B9C4B000FAE7C1 /* TestStoryboard.storyboard */ = {isa = PBXFileReference; lastKnownFileType = file.storyboard; path = TestStoryboard.storyboard; sourceTree = "<group>"; };
		F187975020B9CCD700FAE7C1 /* OpcaityControl.swift */ = {isa = PBXFileReference; lastKnownFileType = sourcecode.swift; path = OpcaityControl.swift; sourceTree = "<group>"; };
		F187975220B9DAAD00FAE7C1 /* BottomButtons.swift */ = {isa = PBXFileReference; lastKnownFileType = sourcecode.swift; path = BottomButtons.swift; sourceTree = "<group>"; };
		F187975420B9E2E600FAE7C1 /* UIColors.swift */ = {isa = PBXFileReference; lastKnownFileType = sourcecode.swift; path = UIColors.swift; sourceTree = "<group>"; };
		F187975620B9E71200FAE7C1 /* PaintingButtons.swift */ = {isa = PBXFileReference; lastKnownFileType = sourcecode.swift; path = PaintingButtons.swift; sourceTree = "<group>"; };
		F187975820BAA01C00FAE7C1 /* BurgerMenuView.swift */ = {isa = PBXFileReference; fileEncoding = 4; lastKnownFileType = sourcecode.swift; path = BurgerMenuView.swift; sourceTree = "<group>"; };
		F187976420BADAAB00FAE7C1 /* BackgroundView.swift */ = {isa = PBXFileReference; lastKnownFileType = sourcecode.swift; path = BackgroundView.swift; sourceTree = "<group>"; };
		F187976620BAF34100FAE7C1 /* InfoView.swift */ = {isa = PBXFileReference; lastKnownFileType = sourcecode.swift; path = InfoView.swift; sourceTree = "<group>"; };
/* End PBXFileReference section */

/* Begin PBXFrameworksBuildPhase section */
		341702D420B95016000C246C /* Frameworks */ = {
			isa = PBXFrameworksBuildPhase;
			buildActionMask = 2147483647;
			files = (
				86EB118FB09CFD2BBFDC4EBE /* Pods_HackArt.framework in Frameworks */,
			);
			runOnlyForDeploymentPostprocessing = 0;
		};
/* End PBXFrameworksBuildPhase section */

/* Begin PBXGroup section */
		0AC2DEC42AB70DA6FA6EC6A5 /* Pods */ = {
			isa = PBXGroup;
			children = (
				C4CB88884DA031ED4E64D4B4 /* Pods-HackArt.debug.xcconfig */,
				9085B6C34E7D0B44B7F81048 /* Pods-HackArt.release.xcconfig */,
			);
			name = Pods;
			sourceTree = "<group>";
		};
		1AE7D5BCB757C59D80C6C0F1 /* Frameworks */ = {
			isa = PBXGroup;
			children = (
				BF7B366F9E2EA8DDCCDC8E83 /* Pods_HackArt.framework */,
			);
			name = Frameworks;
			sourceTree = "<group>";
		};
		340CC66C20B9B582001FF0E0 /* common */ = {
			isa = PBXGroup;
			children = (
				F187974F20B9CCC100FAE7C1 /* buttons */,
				F187974420B9C21A00FAE7C1 /* Views */,
				340CC66D20B9B582001FF0E0 /* UIKit */,
				340CC67020B9B582001FF0E0 /* controllers */,
			);
			path = common;
			sourceTree = "<group>";
		};
		340CC66D20B9B582001FF0E0 /* UIKit */ = {
			isa = PBXGroup;
			children = (
				340CC66E20B9B582001FF0E0 /* BasicLayers.swift */,
				340CC66F20B9B582001FF0E0 /* BasicViews.swift */,
			);
			path = UIKit;
			sourceTree = "<group>";
		};
		340CC67020B9B582001FF0E0 /* controllers */ = {
			isa = PBXGroup;
			children = (
				340CC67120B9B582001FF0E0 /* BasicViewController.swift */,
			);
			path = controllers;
			sourceTree = "<group>";
		};
		340CC67220B9B582001FF0E0 /* media */ = {
			isa = PBXGroup;
			children = (
				34C39D2720BABAA200A09B5A /* przepiorki.sketch */,
				34C39D2520BABAA100A09B5A /* przepiorki.svg */,
				34C39D2620BABAA100A09B5A /* witkacy.sketch */,
				34C39D0C20BAAADF00A09B5A /* Witkacy.svg */,
			);
			path = media;
			sourceTree = "<group>";
		};
		340CC67520B9B582001FF0E0 /* modules */ = {
			isa = PBXGroup;
			children = (
				F187974020B9B86B00FAE7C1 /* Home */,
				340CC67620B9B582001FF0E0 /* paintingMap */,
			);
			path = modules;
			sourceTree = "<group>";
		};
		340CC67620B9B582001FF0E0 /* paintingMap */ = {
			isa = PBXGroup;
			children = (
				34C39D0720B9EF0E00A09B5A /* Painting.swift */,
				34C39D2320BAB5DB00A09B5A /* Paintings.swift */,
				34C39D0820B9EF0E00A09B5A /* PaintingLayer.swift */,
				34C39D0620B9EF0E00A09B5A /* PaintingViewScroll.swift */,
				340CC67820B9B582001FF0E0 /* PaintingView.swift */,
			);
			path = paintingMap;
			sourceTree = "<group>";
		};
		341702CE20B95016000C246C = {
			isa = PBXGroup;
			children = (
				341702D920B95016000C246C /* HackArt */,
				341702D820B95016000C246C /* Products */,
				0AC2DEC42AB70DA6FA6EC6A5 /* Pods */,
				1AE7D5BCB757C59D80C6C0F1 /* Frameworks */,
			);
			sourceTree = "<group>";
		};
		341702D820B95016000C246C /* Products */ = {
			isa = PBXGroup;
			children = (
				341702D720B95016000C246C /* HackArt.app */,
			);
			name = Products;
			sourceTree = "<group>";
		};
		341702D920B95016000C246C /* HackArt */ = {
			isa = PBXGroup;
			children = (
				34C39D2020BAB32000A09B5A /* Models */,
				34C39D0E20BAB2F700A09B5A /* CameraDetection */,
				9E9A018F20B99FE000475D5C /* Extensions */,
				9E9A018520B99E6F00475D5C /* MLModel */,
				341702DA20B95016000C246C /* AppDelegate.swift */,
				340CC66C20B9B582001FF0E0 /* common */,
				340CC67220B9B582001FF0E0 /* media */,
				340CC67520B9B582001FF0E0 /* modules */,
				341702DC20B95016000C246C /* ViewController.swift */,
				341702DE20B95016000C246C /* Main.storyboard */,
				341702E120B95017000C246C /* Assets.xcassets */,
				341702E320B95017000C246C /* LaunchScreen.storyboard */,
				341702E620B95017000C246C /* Info.plist */,
			);
			path = HackArt;
			sourceTree = "<group>";
		};
		34C39D0E20BAB2F700A09B5A /* CameraDetection */ = {
			isa = PBXGroup;
			children = (
				34C39D0F20BAB2F700A09B5A /* CameraViewController.swift */,
				34C39D1020BAB2F700A09B5A /* CameraView.swift */,
				34C39D1120BAB2F700A09B5A /* CameraOrientation.swift */,
				34C39D1220BAB2F700A09B5A /* Camera.swift */,
			);
			path = CameraDetection;
			sourceTree = "<group>";
		};
		34C39D2020BAB32000A09B5A /* Models */ = {
			isa = PBXGroup;
			children = (
				34C39D2120BAB32000A09B5A /* OriginPainting.swift */,
			);
			path = Models;
			sourceTree = "<group>";
		};
		9E9A018520B99E6F00475D5C /* MLModel */ = {
			isa = PBXGroup;
			children = (
				9E9A018820B99E9700475D5C /* TuriCreate.mlmodel */,
			);
			path = MLModel;
			sourceTree = "<group>";
		};
		9E9A018F20B99FE000475D5C /* Extensions */ = {
			isa = PBXGroup;
			children = (
				9E9A018D20B99FDD00475D5C /* Constraints.swift */,
				F187975420B9E2E600FAE7C1 /* UIColors.swift */,
			);
			path = Extensions;
			sourceTree = "<group>";
		};
		F187974020B9B86B00FAE7C1 /* Home */ = {
			isa = PBXGroup;
			children = (
				F187974C20B9C95300FAE7C1 /* TopLabel */,
				F187974120B9B89B00FAE7C1 /* HomeViewController.swift */,
				F187974A20B9C4B000FAE7C1 /* TestStoryboard.storyboard */,
			);
			path = Home;
			sourceTree = "<group>";
		};
		F187974420B9C21A00FAE7C1 /* Views */ = {
			isa = PBXGroup;
			children = (
				F187974520B9C23E00FAE7C1 /* PopUpView.swift */,
				F187974820B9C31400FAE7C1 /* ScrollLabel.swift */,
				F187976420BADAAB00FAE7C1 /* BackgroundView.swift */,
				F187976620BAF34100FAE7C1 /* InfoView.swift */,
			);
			path = Views;
			sourceTree = "<group>";
		};
		F187974C20B9C95300FAE7C1 /* TopLabel */ = {
			isa = PBXGroup;
			children = (
				F187975820BAA01C00FAE7C1 /* BurgerMenuView.swift */,
			);
			path = TopLabel;
			sourceTree = "<group>";
		};
		F187974F20B9CCC100FAE7C1 /* buttons */ = {
			isa = PBXGroup;
			children = (
				F187975020B9CCD700FAE7C1 /* OpcaityControl.swift */,
				F187975220B9DAAD00FAE7C1 /* BottomButtons.swift */,
				F187975620B9E71200FAE7C1 /* PaintingButtons.swift */,
			);
			path = buttons;
			sourceTree = "<group>";
		};
/* End PBXGroup section */

/* Begin PBXNativeTarget section */
		341702D620B95016000C246C /* HackArt */ = {
			isa = PBXNativeTarget;
			buildConfigurationList = 341702E920B95017000C246C /* Build configuration list for PBXNativeTarget "HackArt" */;
			buildPhases = (
				83F67E480B255999B73DD1B2 /* [CP] Check Pods Manifest.lock */,
				341702D320B95016000C246C /* Sources */,
				341702D420B95016000C246C /* Frameworks */,
				341702D520B95016000C246C /* Resources */,
				E61ED53F6FBB593A4C33195A /* [CP] Embed Pods Frameworks */,
			);
			buildRules = (
			);
			dependencies = (
			);
			name = HackArt;
			productName = HackArt;
			productReference = 341702D720B95016000C246C /* HackArt.app */;
			productType = "com.apple.product-type.application";
		};
/* End PBXNativeTarget section */

/* Begin PBXProject section */
		341702CF20B95016000C246C /* Project object */ = {
			isa = PBXProject;
			attributes = {
				LastSwiftUpdateCheck = 0930;
				LastUpgradeCheck = 0930;
				ORGANIZATIONNAME = BoroCode;
				TargetAttributes = {
					341702D620B95016000C246C = {
						CreatedOnToolsVersion = 9.3.1;
					};
				};
			};
			buildConfigurationList = 341702D220B95016000C246C /* Build configuration list for PBXProject "HackArt" */;
			compatibilityVersion = "Xcode 9.3";
			developmentRegion = en;
			hasScannedForEncodings = 0;
			knownRegions = (
				en,
				Base,
			);
			mainGroup = 341702CE20B95016000C246C;
			productRefGroup = 341702D820B95016000C246C /* Products */;
			projectDirPath = "";
			projectRoot = "";
			targets = (
				341702D620B95016000C246C /* HackArt */,
			);
		};
/* End PBXProject section */

/* Begin PBXResourcesBuildPhase section */
		341702D520B95016000C246C /* Resources */ = {
			isa = PBXResourcesBuildPhase;
			buildActionMask = 2147483647;
			files = (
				34C39D0D20BAAAE000A09B5A /* Witkacy.svg in Resources */,
				341702E520B95017000C246C /* LaunchScreen.storyboard in Resources */,
				F187974B20B9C4B000FAE7C1 /* TestStoryboard.storyboard in Resources */,
				341702E220B95017000C246C /* Assets.xcassets in Resources */,
				341702E020B95016000C246C /* Main.storyboard in Resources */,
				34C39D2820BABAA200A09B5A /* przepiorki.svg in Resources */,
			);
			runOnlyForDeploymentPostprocessing = 0;
		};
/* End PBXResourcesBuildPhase section */

/* Begin PBXShellScriptBuildPhase section */
		83F67E480B255999B73DD1B2 /* [CP] Check Pods Manifest.lock */ = {
			isa = PBXShellScriptBuildPhase;
			buildActionMask = 2147483647;
			files = (
			);
			inputPaths = (
				"${PODS_PODFILE_DIR_PATH}/Podfile.lock",
				"${PODS_ROOT}/Manifest.lock",
			);
			name = "[CP] Check Pods Manifest.lock";
			outputPaths = (
				"$(DERIVED_FILE_DIR)/Pods-HackArt-checkManifestLockResult.txt",
			);
			runOnlyForDeploymentPostprocessing = 0;
			shellPath = /bin/sh;
			shellScript = "diff \"${PODS_PODFILE_DIR_PATH}/Podfile.lock\" \"${PODS_ROOT}/Manifest.lock\" > /dev/null\nif [ $? != 0 ] ; then\n    # print error to STDERR\n    echo \"error: The sandbox is not in sync with the Podfile.lock. Run 'pod install' or update your CocoaPods installation.\" >&2\n    exit 1\nfi\n# This output is used by Xcode 'outputs' to avoid re-running this script phase.\necho \"SUCCESS\" > \"${SCRIPT_OUTPUT_FILE_0}\"\n";
			showEnvVarsInLog = 0;
		};
		E61ED53F6FBB593A4C33195A /* [CP] Embed Pods Frameworks */ = {
			isa = PBXShellScriptBuildPhase;
			buildActionMask = 2147483647;
			files = (
			);
			inputPaths = (
				"${SRCROOT}/Pods/Target Support Files/Pods-HackArt/Pods-HackArt-frameworks.sh",
				"${BUILT_PRODUCTS_DIR}/PocketSVG/PocketSVG.framework",
			);
			name = "[CP] Embed Pods Frameworks";
			outputPaths = (
				"${TARGET_BUILD_DIR}/${FRAMEWORKS_FOLDER_PATH}/PocketSVG.framework",
			);
			runOnlyForDeploymentPostprocessing = 0;
			shellPath = /bin/sh;
			shellScript = "\"${SRCROOT}/Pods/Target Support Files/Pods-HackArt/Pods-HackArt-frameworks.sh\"\n";
			showEnvVarsInLog = 0;
		};
/* End PBXShellScriptBuildPhase section */

/* Begin PBXSourcesBuildPhase section */
		341702D320B95016000C246C /* Sources */ = {
			isa = PBXSourcesBuildPhase;
			buildActionMask = 2147483647;
			files = (
				F187974620B9C23E00FAE7C1 /* PopUpView.swift in Sources */,
				341702DD20B95016000C246C /* ViewController.swift in Sources */,
				F187976520BADAAB00FAE7C1 /* BackgroundView.swift in Sources */,
				34C39D2420BAB5DB00A09B5A /* Paintings.swift in Sources */,
				340CC67A20B9B582001FF0E0 /* BasicViews.swift in Sources */,
				34C39D1520BAB2F700A09B5A /* CameraOrientation.swift in Sources */,
				340CC67920B9B582001FF0E0 /* BasicLayers.swift in Sources */,
				F187976720BAF34100FAE7C1 /* InfoView.swift in Sources */,
				34C39D0B20B9EF0E00A09B5A /* PaintingLayer.swift in Sources */,
				F187975720B9E71200FAE7C1 /* PaintingButtons.swift in Sources */,
				34C39D1620BAB2F700A09B5A /* Camera.swift in Sources */,
				34C39D1420BAB2F700A09B5A /* CameraView.swift in Sources */,
				9E9A018E20B99FDD00475D5C /* Constraints.swift in Sources */,
				34C39D2220BAB32000A09B5A /* OriginPainting.swift in Sources */,
				F187974220B9B89B00FAE7C1 /* HomeViewController.swift in Sources */,
				9E9A018920B99E9700475D5C /* TuriCreate.mlmodel in Sources */,
				F187975520B9E2E600FAE7C1 /* UIColors.swift in Sources */,
				34C39D1320BAB2F700A09B5A /* CameraViewController.swift in Sources */,
				34C39D0A20B9EF0E00A09B5A /* Painting.swift in Sources */,
				F187975920BAA01D00FAE7C1 /* BurgerMenuView.swift in Sources */,
				34C39D0920B9EF0E00A09B5A /* PaintingViewScroll.swift in Sources */,
				340CC67F20B9B582001FF0E0 /* PaintingView.swift in Sources */,
				F187975320B9DAAD00FAE7C1 /* BottomButtons.swift in Sources */,
				341702DB20B95016000C246C /* AppDelegate.swift in Sources */,
				340CC67B20B9B582001FF0E0 /* BasicViewController.swift in Sources */,
				F187975120B9CCD700FAE7C1 /* OpcaityControl.swift in Sources */,
				F187974920B9C31400FAE7C1 /* ScrollLabel.swift in Sources */,
			);
			runOnlyForDeploymentPostprocessing = 0;
		};
/* End PBXSourcesBuildPhase section */

/* Begin PBXVariantGroup section */
		341702DE20B95016000C246C /* Main.storyboard */ = {
			isa = PBXVariantGroup;
			children = (
				341702DF20B95016000C246C /* Base */,
			);
			name = Main.storyboard;
			sourceTree = "<group>";
		};
		341702E320B95017000C246C /* LaunchScreen.storyboard */ = {
			isa = PBXVariantGroup;
			children = (
				341702E420B95017000C246C /* Base */,
			);
			name = LaunchScreen.storyboard;
			sourceTree = "<group>";
		};
/* End PBXVariantGroup section */

/* Begin XCBuildConfiguration section */
		341702E720B95017000C246C /* Debug */ = {
			isa = XCBuildConfiguration;
			buildSettings = {
				ALWAYS_SEARCH_USER_PATHS = NO;
				CLANG_ANALYZER_NONNULL = YES;
				CLANG_ANALYZER_NUMBER_OBJECT_CONVERSION = YES_AGGRESSIVE;
				CLANG_CXX_LANGUAGE_STANDARD = "gnu++14";
				CLANG_CXX_LIBRARY = "libc++";
				CLANG_ENABLE_MODULES = YES;
				CLANG_ENABLE_OBJC_ARC = YES;
				CLANG_ENABLE_OBJC_WEAK = YES;
				CLANG_WARN_BLOCK_CAPTURE_AUTORELEASING = YES;
				CLANG_WARN_BOOL_CONVERSION = YES;
				CLANG_WARN_COMMA = YES;
				CLANG_WARN_CONSTANT_CONVERSION = YES;
				CLANG_WARN_DEPRECATED_OBJC_IMPLEMENTATIONS = YES;
				CLANG_WARN_DIRECT_OBJC_ISA_USAGE = YES_ERROR;
				CLANG_WARN_DOCUMENTATION_COMMENTS = YES;
				CLANG_WARN_EMPTY_BODY = YES;
				CLANG_WARN_ENUM_CONVERSION = YES;
				CLANG_WARN_INFINITE_RECURSION = YES;
				CLANG_WARN_INT_CONVERSION = YES;
				CLANG_WARN_NON_LITERAL_NULL_CONVERSION = YES;
				CLANG_WARN_OBJC_IMPLICIT_RETAIN_SELF = YES;
				CLANG_WARN_OBJC_LITERAL_CONVERSION = YES;
				CLANG_WARN_OBJC_ROOT_CLASS = YES_ERROR;
				CLANG_WARN_RANGE_LOOP_ANALYSIS = YES;
				CLANG_WARN_STRICT_PROTOTYPES = YES;
				CLANG_WARN_SUSPICIOUS_MOVE = YES;
				CLANG_WARN_UNGUARDED_AVAILABILITY = YES_AGGRESSIVE;
				CLANG_WARN_UNREACHABLE_CODE = YES;
				CLANG_WARN__DUPLICATE_METHOD_MATCH = YES;
				CODE_SIGN_IDENTITY = "iPhone Developer";
				COPY_PHASE_STRIP = NO;
				DEBUG_INFORMATION_FORMAT = dwarf;
				ENABLE_STRICT_OBJC_MSGSEND = YES;
				ENABLE_TESTABILITY = YES;
				GCC_C_LANGUAGE_STANDARD = gnu11;
				GCC_DYNAMIC_NO_PIC = NO;
				GCC_NO_COMMON_BLOCKS = YES;
				GCC_OPTIMIZATION_LEVEL = 0;
				GCC_PREPROCESSOR_DEFINITIONS = (
					"DEBUG=1",
					"$(inherited)",
				);
				GCC_WARN_64_TO_32_BIT_CONVERSION = YES;
				GCC_WARN_ABOUT_RETURN_TYPE = YES_ERROR;
				GCC_WARN_UNDECLARED_SELECTOR = YES;
				GCC_WARN_UNINITIALIZED_AUTOS = YES_AGGRESSIVE;
				GCC_WARN_UNUSED_FUNCTION = YES;
				GCC_WARN_UNUSED_VARIABLE = YES;
				IPHONEOS_DEPLOYMENT_TARGET = 11.3;
				MTL_ENABLE_DEBUG_INFO = YES;
				ONLY_ACTIVE_ARCH = YES;
				SDKROOT = iphoneos;
				SWIFT_ACTIVE_COMPILATION_CONDITIONS = DEBUG;
				SWIFT_OPTIMIZATION_LEVEL = "-Onone";
			};
			name = Debug;
		};
		341702E820B95017000C246C /* Release */ = {
			isa = XCBuildConfiguration;
			buildSettings = {
				ALWAYS_SEARCH_USER_PATHS = NO;
				CLANG_ANALYZER_NONNULL = YES;
				CLANG_ANALYZER_NUMBER_OBJECT_CONVERSION = YES_AGGRESSIVE;
				CLANG_CXX_LANGUAGE_STANDARD = "gnu++14";
				CLANG_CXX_LIBRARY = "libc++";
				CLANG_ENABLE_MODULES = YES;
				CLANG_ENABLE_OBJC_ARC = YES;
				CLANG_ENABLE_OBJC_WEAK = YES;
				CLANG_WARN_BLOCK_CAPTURE_AUTORELEASING = YES;
				CLANG_WARN_BOOL_CONVERSION = YES;
				CLANG_WARN_COMMA = YES;
				CLANG_WARN_CONSTANT_CONVERSION = YES;
				CLANG_WARN_DEPRECATED_OBJC_IMPLEMENTATIONS = YES;
				CLANG_WARN_DIRECT_OBJC_ISA_USAGE = YES_ERROR;
				CLANG_WARN_DOCUMENTATION_COMMENTS = YES;
				CLANG_WARN_EMPTY_BODY = YES;
				CLANG_WARN_ENUM_CONVERSION = YES;
				CLANG_WARN_INFINITE_RECURSION = YES;
				CLANG_WARN_INT_CONVERSION = YES;
				CLANG_WARN_NON_LITERAL_NULL_CONVERSION = YES;
				CLANG_WARN_OBJC_IMPLICIT_RETAIN_SELF = YES;
				CLANG_WARN_OBJC_LITERAL_CONVERSION = YES;
				CLANG_WARN_OBJC_ROOT_CLASS = YES_ERROR;
				CLANG_WARN_RANGE_LOOP_ANALYSIS = YES;
				CLANG_WARN_STRICT_PROTOTYPES = YES;
				CLANG_WARN_SUSPICIOUS_MOVE = YES;
				CLANG_WARN_UNGUARDED_AVAILABILITY = YES_AGGRESSIVE;
				CLANG_WARN_UNREACHABLE_CODE = YES;
				CLANG_WARN__DUPLICATE_METHOD_MATCH = YES;
				CODE_SIGN_IDENTITY = "iPhone Developer";
				COPY_PHASE_STRIP = NO;
				DEBUG_INFORMATION_FORMAT = "dwarf-with-dsym";
				ENABLE_NS_ASSERTIONS = NO;
				ENABLE_STRICT_OBJC_MSGSEND = YES;
				GCC_C_LANGUAGE_STANDARD = gnu11;
				GCC_NO_COMMON_BLOCKS = YES;
				GCC_WARN_64_TO_32_BIT_CONVERSION = YES;
				GCC_WARN_ABOUT_RETURN_TYPE = YES_ERROR;
				GCC_WARN_UNDECLARED_SELECTOR = YES;
				GCC_WARN_UNINITIALIZED_AUTOS = YES_AGGRESSIVE;
				GCC_WARN_UNUSED_FUNCTION = YES;
				GCC_WARN_UNUSED_VARIABLE = YES;
				IPHONEOS_DEPLOYMENT_TARGET = 11.3;
				MTL_ENABLE_DEBUG_INFO = NO;
				SDKROOT = iphoneos;
				SWIFT_COMPILATION_MODE = wholemodule;
				SWIFT_OPTIMIZATION_LEVEL = "-O";
				VALIDATE_PRODUCT = YES;
			};
			name = Release;
		};
		341702EA20B95017000C246C /* Debug */ = {
			isa = XCBuildConfiguration;
			baseConfigurationReference = C4CB88884DA031ED4E64D4B4 /* Pods-HackArt.debug.xcconfig */;
			buildSettings = {
				ASSETCATALOG_COMPILER_APPICON_NAME = AppIcon;
				CODE_SIGN_STYLE = Automatic;
				DEVELOPMENT_TEAM = 5XQQ8D847B;
				INFOPLIST_FILE = HackArt/Info.plist;
				IPHONEOS_DEPLOYMENT_TARGET = 11.0;
				LD_RUNPATH_SEARCH_PATHS = (
					"$(inherited)",
					"@executable_path/Frameworks",
				);
				PRODUCT_BUNDLE_IDENTIFIER = "pl.borocode.HackArt-TL";
				PRODUCT_NAME = "$(TARGET_NAME)";
				SWIFT_VERSION = 4.0;
				TARGETED_DEVICE_FAMILY = "1,2";
			};
			name = Debug;
		};
		341702EB20B95017000C246C /* Release */ = {
			isa = XCBuildConfiguration;
			baseConfigurationReference = 9085B6C34E7D0B44B7F81048 /* Pods-HackArt.release.xcconfig */;
			buildSettings = {
				ASSETCATALOG_COMPILER_APPICON_NAME = AppIcon;
				CODE_SIGN_STYLE = Automatic;
				DEVELOPMENT_TEAM = 5XQQ8D847B;
				INFOPLIST_FILE = HackArt/Info.plist;
				IPHONEOS_DEPLOYMENT_TARGET = 11.0;
				LD_RUNPATH_SEARCH_PATHS = (
					"$(inherited)",
					"@executable_path/Frameworks",
				);
				PRODUCT_BUNDLE_IDENTIFIER = "pl.borocode.HackArt-TL";
				PRODUCT_NAME = "$(TARGET_NAME)";
				SWIFT_VERSION = 4.0;
				TARGETED_DEVICE_FAMILY = "1,2";
			};
			name = Release;
		};
/* End XCBuildConfiguration section */

/* Begin XCConfigurationList section */
		341702D220B95016000C246C /* Build configuration list for PBXProject "HackArt" */ = {
			isa = XCConfigurationList;
			buildConfigurations = (
				341702E720B95017000C246C /* Debug */,
				341702E820B95017000C246C /* Release */,
			);
			defaultConfigurationIsVisible = 0;
			defaultConfigurationName = Release;
		};
		341702E920B95017000C246C /* Build configuration list for PBXNativeTarget "HackArt" */ = {
			isa = XCConfigurationList;
			buildConfigurations = (
				341702EA20B95017000C246C /* Debug */,
				341702EB20B95017000C246C /* Release */,
			);
			defaultConfigurationIsVisible = 0;
			defaultConfigurationName = Release;
		};
/* End XCConfigurationList section */
	};
	rootObject = 341702CF20B95016000C246C /* Project object */;
}
